
Microsoft Visual Studio Solution File, Format Version 12.00
# Visual Studio Version 17
VisualStudioVersion = 17.5.33627.172
MinimumVisualStudioVersion = 10.0.40219.1
Project("{FAE04EC0-301F-11D3-BF4B-00C04F79EFBC}") = "PatcherYRpp", "Projects\YRpp\PatcherYRpp.csproj", "{4C392077-A5ED-46CC-BC94-E1449610105C}"
EndProject
Project("{FAE04EC0-301F-11D3-BF4B-00C04F79EFBC}") = "Extension", "Projects\Extension\Extension.csproj", "{957E3C34-E736-4145-8B05-2DC1BCFA79E1}"
EndProject
Project("{FAE04EC0-301F-11D3-BF4B-00C04F79EFBC}") = "Extension.Cylearun", "Projects\Extension.Cylearun\Extension.Cylearun.csproj", "{69A208E7-DAE8-4D62-801A-045728E1D9A2}"
EndProject
Project("{FAE04EC0-301F-11D3-BF4B-00C04F79EFBC}") = "Extension.Ext", "Projects\Extension.Ext\Extension.Ext.csproj", "{D0C97578-1F0D-419C-A3DB-31946CF25CC6}"
EndProject
Project("{FAE04EC0-301F-11D3-BF4B-00C04F79EFBC}") = "Extension.Script", "Projects\Extension.Script\Extension.Script.csproj", "{FB5159D2-722B-4161-9EA6-A77B10350107}"
EndProject
Project("{FAE04EC0-301F-11D3-BF4B-00C04F79EFBC}") = "PatcherYRpp.Utilities", "Projects\PatcherYRpp.Utilities\PatcherYRpp.Utilities.csproj", "{AE6121FF-74CF-472A-BF7D-4543A78E7D50}"
EndProject
Project("{FAE04EC0-301F-11D3-BF4B-00C04F79EFBC}") = "Scripts", "Projects\Scripts\Scripts.csproj", "{E226211B-2BB7-4A36-8E5B-58557406F279}"
EndProject
Project("{FAE04EC0-301F-11D3-BF4B-00C04F79EFBC}") = "ScriptUniversal", "Projects\ScriptUniversal\ScriptUniversal.csproj", "{FD57F300-23BA-41C7-AD77-155195CFF60E}"
EndProject
Project("{FAE04EC0-301F-11D3-BF4B-00C04F79EFBC}") = "DP.Cylearun", "..\DP.Cylearun.csproj", "{B88D2544-118D-4A32-8772-F80AEC3BADB3}"
EndProject
Global
	GlobalSection(SolutionConfigurationPlatforms) = preSolution
		Debug|Any CPU = Debug|Any CPU
		Release|Any CPU = Release|Any CPU
	EndGlobalSection
	GlobalSection(ProjectConfigurationPlatforms) = postSolution
		{4C392077-A5ED-46CC-BC94-E1449610105C}.Debug|Any CPU.ActiveCfg = Debug|Any CPU
		{4C392077-A5ED-46CC-BC94-E1449610105C}.Debug|Any CPU.Build.0 = Debug|Any CPU
		{4C392077-A5ED-46CC-BC94-E1449610105C}.Release|Any CPU.ActiveCfg = Release|Any CPU
		{4C392077-A5ED-46CC-BC94-E1449610105C}.Release|Any CPU.Build.0 = Release|Any CPU
		{957E3C34-E736-4145-8B05-2DC1BCFA79E1}.Debug|Any CPU.ActiveCfg = Debug|Any CPU
		{957E3C34-E736-4145-8B05-2DC1BCFA79E1}.Debug|Any CPU.Build.0 = Debug|Any CPU
		{957E3C34-E736-4145-8B05-2DC1BCFA79E1}.Release|Any CPU.ActiveCfg = Release|Any CPU
		{957E3C34-E736-4145-8B05-2DC1BCFA79E1}.Release|Any CPU.Build.0 = Release|Any CPU
		{69A208E7-DAE8-4D62-801A-045728E1D9A2}.Debug|Any CPU.ActiveCfg = Debug|Any CPU
		{69A208E7-DAE8-4D62-801A-045728E1D9A2}.Debug|Any CPU.Build.0 = Debug|Any CPU
		{69A208E7-DAE8-4D62-801A-045728E1D9A2}.Release|Any CPU.ActiveCfg = Release|Any CPU
		{69A208E7-DAE8-4D62-801A-045728E1D9A2}.Release|Any CPU.Build.0 = Release|Any CPU
		{D0C97578-1F0D-419C-A3DB-31946CF25CC6}.Debug|Any CPU.ActiveCfg = Debug|Any CPU
		{D0C97578-1F0D-419C-A3DB-31946CF25CC6}.Debug|Any CPU.Build.0 = Debug|Any CPU
		{D0C97578-1F0D-419C-A3DB-31946CF25CC6}.Release|Any CPU.ActiveCfg = Release|Any CPU
		{D0C97578-1F0D-419C-A3DB-31946CF25CC6}.Release|Any CPU.Build.0 = Release|Any CPU
		{FB5159D2-722B-4161-9EA6-A77B10350107}.Debug|Any CPU.ActiveCfg = Debug|Any CPU
		{FB5159D2-722B-4161-9EA6-A77B10350107}.Debug|Any CPU.Build.0 = Debug|Any CPU
		{FB5159D2-722B-4161-9EA6-A77B10350107}.Release|Any CPU.ActiveCfg = Release|Any CPU
		{FB5159D2-722B-4161-9EA6-A77B10350107}.Release|Any CPU.Build.0 = Release|Any CPU
		{AE6121FF-74CF-472A-BF7D-4543A78E7D50}.Debug|Any CPU.ActiveCfg = Debug|Any CPU
		{AE6121FF-74CF-472A-BF7D-4543A78E7D50}.Debug|Any CPU.Build.0 = Debug|Any CPU
		{AE6121FF-74CF-472A-BF7D-4543A78E7D50}.Release|Any CPU.ActiveCfg = Release|Any CPU
		{AE6121FF-74CF-472A-BF7D-4543A78E7D50}.Release|Any CPU.Build.0 = Release|Any CPU
		{E226211B-2BB7-4A36-8E5B-58557406F279}.Debug|Any CPU.ActiveCfg = Debug|Any CPU
		{E226211B-2BB7-4A36-8E5B-58557406F279}.Debug|Any CPU.Build.0 = Debug|Any CPU
		{E226211B-2BB7-4A36-8E5B-58557406F279}.Release|Any CPU.ActiveCfg = Release|Any CPU
		{E226211B-2BB7-4A36-8E5B-58557406F279}.Release|Any CPU.Build.0 = Release|Any CPU
		{FD57F300-23BA-41C7-AD77-155195CFF60E}.Debug|Any CPU.ActiveCfg = Debug|Any CPU
		{FD57F300-23BA-41C7-AD77-155195CFF60E}.Debug|Any CPU.Build.0 = Debug|Any CPU
		{FD57F300-23BA-41C7-AD77-155195CFF60E}.Release|Any CPU.ActiveCfg = Release|Any CPU
		{FD57F300-23BA-41C7-AD77-155195CFF60E}.Release|Any CPU.Build.0 = Release|Any CPU
		{B88D2544-118D-4A32-8772-F80AEC3BADB3}.Debug|Any CPU.ActiveCfg = Debug|Any CPU
		{B88D2544-118D-4A32-8772-F80AEC3BADB3}.Debug|Any CPU.Build.0 = Debug|Any CPU
		{B88D2544-118D-4A32-8772-F80AEC3BADB3}.Release|Any CPU.ActiveCfg = Release|Any CPU
		{B88D2544-118D-4A32-8772-F80AEC3BADB3}.Release|Any CPU.Build.0 = Release|Any CPU
	EndGlobalSection
	GlobalSection(SolutionProperties) = preSolution
		HideSolutionNode = FALSE
	EndGlobalSection
	GlobalSection(ExtensibilityGlobals) = postSolution
		SolutionGuid = {7D487C0B-6334-408B-A0DD-3328AE66033B}
	EndGlobalSection
EndGlobal
